{
    "version": 3,
    "terraform_version": "0.11.7",
    "serial": 5,
    "lineage": "87f35343-8097-1fa5-03be-112584f93b4d",
    "modules": [
        {
            "path": [
                "root"
            ],
            "outputs": {},
            "resources": {
                "nutanix_virtual_machine.my-machine": {
                    "type": "nutanix_virtual_machine",
                    "depends_on": [],
                    "primary": {
                        "id": "eeb8603b-d380-4c0f-9883-f0030ad6854b",
                        "attributes": {
                            "api_version": "3.1",
                            "availability_zone_reference.%": "0",
                            "boot_device_disk_address.%": "0",
                            "boot_device_mac_address": "",
                            "boot_device_order_list.#": "0",
                            "categories.#": "0",
                            "cluster_reference.%": "2",
                            "cluster_reference.kind": "cluster",
                            "cluster_reference.uuid": "00056eda-31fe-0b6a-336d-001fc69be30e",
                            "description": "",
                            "disk_list.#": "1",
                            "disk_list.0.data_source_reference.#": "1",
                            "disk_list.0.data_source_reference.0.kind": "image",
                            "disk_list.0.data_source_reference.0.uuid": "e0ba6112-0f7d-4d03-bc69-258dedea5a7e",
                            "disk_list.0.device_properties.#": "1",
                            "disk_list.0.device_properties.0.device_type": "DISK",
                            "disk_list.0.device_properties.0.disk_address.#": "1",
                            "disk_list.0.device_properties.0.disk_address.0.adapter_type": "SCSI",
                            "disk_list.0.device_properties.0.disk_address.0.device_index": "0",
                            "disk_list.0.disk_size_bytes": "107374182400",
                            "disk_list.0.disk_size_mib": "102400",
                            "disk_list.0.uuid": "4388c8d7-8f16-4224-b908-9d5cc744839b",
                            "disk_list.0.volume_group_reference.#": "1",
                            "enable_script_exec": "false",
                            "gpu_list.#": "0",
                            "guest_customization_cloud_init_custom_key_values.%": "0",
                            "guest_customization_cloud_init_meta_data": "",
                            "guest_customization_cloud_init_user_data": "I2Nsb3VkLWNvbmZpZwoKaG9zdG5hbWU6IHJvZ2VyLWx1dnMtbWUKZnFkbjogcm9nZXItbHV2cy1tZS5yb2dlci5sb2NhbAoKdXNlcnM6CiAgLSBuYW1lOiBjZW50b3MKICAgIHNzaC1hdXRob3JpemVkLWtleXM6CiAgICAgIC0gc3NoLXJzYSBBQUFBQjNOemFDMXljMkVBQUFBREFRQUJBQUFBZ1FEU2N0L1hSaTlIY3ByVEtydkM3WWZHaUdhSmZwTEkzVzU5QUpORzNuVUJBR0tiUGc1SlJRdjZHaXlnZGljNi9jUFdrSzZaOTgrQ1VsS3ZPQjBiL2Q1N3ZOcENieG55R1V2QTVXTlBhQmhkSHFZMlZYMTJqenF6bHNDSGlQUmEweHFXT1JTV3RxZmcxNXhSVXVrR1lKNVhJZlZFUXRES0x0L21ySGtkV0IybVFRPT0gcm9nZXJjaGFvQFJDaGFvRFVSLU1CUC5oc2QxLmNhLmNvbWNhc3QubmV0CiAgICBzdWRvOiBbJ0FMTD0oQUxMKSBOT1BBU1NXRDpBTEwnXQoKd3JpdGVfZmlsZXM6CgogIC0gcGF0aDogL2V0Yy9zeXNjb25maWcvbmV0d29yay1zY3JpcHRzL2lmY2ZnLWV0aDAKICAgIGNvbnRlbnQ6IHwKICAgICAgICBERVZJQ0U9ZXRoMAogICAgICAgIEJPT1RQUk9UTz0ibm9uZSIKICAgICAgICBORVRNQVNLPSIyNTUuMjU1LjI1NS4wIgogICAgICAgIElQQUREUj0iMTAuMC4wLjg4IgogICAgICAgIEdBVEVXQVk9IjEwLjAuMC4xIgogICAgICAgIE9OQk9PVD0ieWVzIgoKICAtIHBhdGg6IC9ldGMvcmVzb2x2LmNvbmYKICAgIGNvbnRlbnQ6IHwKICAgICAgICBzZWFyY2ggcm9nZXIubG9jYWwKICAgICAgICBuYW1lc2VydmVyIDEwLjAuMC4yNTEKICAgICAgICAKcnVuY21kOgogIC0gc2VydmljZSBuZXR3b3JrIHJlc3RhcnQK",
                            "guest_customization_is_overridable": "false",
                            "guest_customization_sysprep.%": "0",
                            "guest_customization_sysprep_custom_key_values.%": "0",
                            "guest_os_id": "",
                            "hardware_clock_timezone": "UTC",
                            "host_reference.%": "3",
                            "host_reference.kind": "host",
                            "host_reference.name": "10.0.0.101",
                            "host_reference.uuid": "308e89e9-444b-49b5-9462-a471cf54a17c",
                            "id": "eeb8603b-d380-4c0f-9883-f0030ad6854b",
                            "memory_size_mib": "512",
                            "metadata.%": "7",
                            "metadata.creation_time": "2018-06-25 00:29:35 +0000 UTC",
                            "metadata.kind": "vm",
                            "metadata.last_update_time": "2018-06-25 00:29:45 +0000 UTC",
                            "metadata.name": "",
                            "metadata.spec_hash": "",
                            "metadata.spec_version": "1",
                            "metadata.uuid": "eeb8603b-d380-4c0f-9883-f0030ad6854b",
                            "name": "tf-vm1",
                            "nic_list.#": "1",
                            "nic_list.0.floating_ip": "",
                            "nic_list.0.ip_endpoint_list.#": "1",
                            "nic_list.0.ip_endpoint_list.0.ip": "10.0.0.209",
                            "nic_list.0.ip_endpoint_list.0.type": "ASSIGNED",
                            "nic_list.0.mac_address": "50:6b:8d:0c:17:18",
                            "nic_list.0.model": "",
                            "nic_list.0.network_function_chain_reference.%": "0",
                            "nic_list.0.network_function_nic_type": "",
                            "nic_list.0.nic_type": "NORMAL_NIC",
                            "nic_list.0.subnet_reference.%": "2",
                            "nic_list.0.subnet_reference.kind": "subnet",
                            "nic_list.0.subnet_reference.uuid": "d21dedcb-0b7b-4c4d-a3e6-30efe9378817",
                            "nic_list.0.subnet_reference_name": "vlan.0.ipam",
                            "nic_list.0.uuid": "4c5babfd-954c-4c54-89a6-5447dbe42f49",
                            "num_sockets": "1",
                            "num_vcpus_per_socket": "2",
                            "num_vnuma_nodes": "0",
                            "nutanix_guest_tools.%": "0",
                            "owner_reference.%": "3",
                            "owner_reference.kind": "user",
                            "owner_reference.name": "nutanix",
                            "owner_reference.uuid": "b4a8c9ce-cccc-51db-bd62-2d9bcb6ef27e",
                            "parent_reference.%": "0",
                            "power_state": "ON",
                            "power_state_mechanism": "HARD",
                            "project_reference.%": "0",
                            "should_fail_on_script_failure": "false",
                            "state": "COMPLETE",
                            "vga_console_enabled": "true"
                        },
                        "meta": {},
                        "tainted": false
                    },
                    "deposed": [],
                    "provider": "provider.nutanix"
                }
            },
            "depends_on": []
        }
    ]
}
