{
    "version": 3,
    "terraform_version": "0.11.7",
    "serial": 1,
    "lineage": "1ac09aed-f0b4-57fa-d910-3802f06b6aa0",
    "modules": [
        {
            "path": [
                "root"
            ],
            "outputs": {},
            "resources": {
                "nutanix_virtual_machine.my-machine": {
                    "type": "nutanix_virtual_machine",
                    "depends_on": [],
                    "primary": {
                        "id": "0004b78b-610a-4ca4-80f3-716ea218800c",
                        "attributes": {
                            "api_version": "3.1",
                            "availability_zone_reference.%": "0",
                            "boot_device_disk_address.%": "0",
                            "boot_device_mac_address": "",
                            "boot_device_order_list.#": "0",
                            "categories.#": "0",
                            "cluster_reference.%": "2",
                            "cluster_reference.kind": "cluster",
                            "cluster_reference.uuid": "00056eda-31fe-0b6a-336d-001fc69be30e",
                            "description": "",
                            "disk_list.#": "1",
                            "disk_list.0.data_source_reference.#": "1",
                            "disk_list.0.data_source_reference.0.kind": "image",
                            "disk_list.0.data_source_reference.0.uuid": "4e521e6c-402f-4b1e-8bd2-a30e764c759f",
                            "disk_list.0.device_properties.#": "1",
                            "disk_list.0.device_properties.0.device_type": "DISK",
                            "disk_list.0.device_properties.0.disk_address.#": "1",
                            "disk_list.0.device_properties.0.disk_address.0.adapter_type": "SCSI",
                            "disk_list.0.device_properties.0.disk_address.0.device_index": "0",
                            "disk_list.0.disk_size_bytes": "8589934592",
                            "disk_list.0.disk_size_mib": "8192",
                            "disk_list.0.uuid": "a0dd7a86-bca9-49ec-a564-8727baf595dd",
                            "disk_list.0.volume_group_reference.#": "1",
                            "enable_script_exec": "false",
                            "gpu_list.#": "0",
                            "guest_customization_cloud_init_custom_key_values.%": "0",
                            "guest_customization_cloud_init_meta_data": "",
                            "guest_customization_cloud_init_user_data": "I2Nsb3VkLWNvbmZpZwoKaG9zdG5hbWU6IHJvZ2VyLWx1dnMtbWUKZnFkbjogcm9nZXItbHV2cy1tZS5yb2dlci5sb2NhbAoKdXNlcnM6CiAgLSBuYW1lOiBjZW50b3MKICAgIHNzaC1hdXRob3JpemVkLWtleXM6CiAgICAgIC0gc3NoLXJzYSBBQUFBQjNOemFDMXljMkVBQUFBREFRQUJBQUFCQVFDdi9JYTRZRS9OQU5nM28yNFFickZwZnAwT0FZbmxleDRaTnEvRHU0ZGhnV1owOGxMa09xMUdscVd5cjJNWS9FTnJaaWl5YWZpeGNldTdPeDhiRFBZTTNGT05HUmM0bmNoR3BrV3YzdXgvNHZXRFhxN01pUFAwbmtoU2VwSzBTNFlrRlJ4ZDZHd2I2VTh2cmVKSzB0aGlXQWp2MDNWQkJFK3c5L3YzQmFuek5RZTJmOHJkaVFUS3pjdzRYdDFsdENENVJKZFgvLzFPbjRLZ3JWWTVzRU5XQ0Jkcm9GSVBCMW1hVWpwUkI1K0M0T0h5L2ErSDlDZzc5anYyajI2WVJvUE5nbGg1bUpiZGE2aXZWZS9SemlJQWN1TldjL1VuV3R6dDVmZndEUWdDaUtHWXdjamQ0VDFUTFNxRW16SUtOZXR5Y0FYSFAwdkZLc1h3Z0FPalhZMm4gcm9nZXJjaGFvQFJDaGFvRFVSLU1CUC5sb2NhbAogICAgc3VkbzogWydBTEw9KEFMTCkgTk9QQVNTV0Q6QUxMJ10KCndyaXRlX2ZpbGVzOgoKICAtIHBhdGg6IC9ldGMvc3lzY29uZmlnL25ldHdvcmstc2NyaXB0cy9pZmNmZy1ldGgwCiAgICBjb250ZW50OiB8CiAgICAgICAgREVWSUNFPWV0aDAKICAgICAgICBCT09UUFJPVE89Im5vbmUiCiAgICAgICAgTkVUTUFTSz0iMjU1LjI1NS4yNTUuMCIKICAgICAgICBJUEFERFI9IjEwLjAuMC44OCIKICAgICAgICBHQVRFV0FZPSIxMC4wLjAuMSIKICAgICAgICBPTkJPT1Q9InllcyIKCiAgLSBwYXRoOiAvZXRjL3Jlc29sdi5jb25mCiAgICBjb250ZW50OiB8CiAgICAgICAgc2VhcmNoIHJvZ2VyLmxvY2FsCiAgICAgICAgbmFtZXNlcnZlciAxMC4wLjAuMjUxCiAgICAgICAgCnJ1bmNtZDoKICAtIHNlcnZpY2UgbmV0d29yayByZXN0YXJ0Cg==",
                            "guest_customization_is_overridable": "false",
                            "guest_customization_sysprep.%": "0",
                            "guest_customization_sysprep_custom_key_values.%": "0",
                            "guest_os_id": "",
                            "hardware_clock_timezone": "UTC",
                            "host_reference.%": "3",
                            "host_reference.kind": "host",
                            "host_reference.name": "10.0.0.101",
                            "host_reference.uuid": "308e89e9-444b-49b5-9462-a471cf54a17c",
                            "id": "0004b78b-610a-4ca4-80f3-716ea218800c",
                            "memory_size_mib": "512",
                            "metadata.%": "7",
                            "metadata.creation_time": "2018-06-24 22:48:33 +0000 UTC",
                            "metadata.kind": "vm",
                            "metadata.last_update_time": "2018-06-24 22:48:43 +0000 UTC",
                            "metadata.name": "",
                            "metadata.spec_hash": "",
                            "metadata.spec_version": "1",
                            "metadata.uuid": "0004b78b-610a-4ca4-80f3-716ea218800c",
                            "name": "tf-vm1",
                            "nic_list.#": "1",
                            "nic_list.0.floating_ip": "",
                            "nic_list.0.ip_endpoint_list.#": "1",
                            "nic_list.0.ip_endpoint_list.0.ip": "10.0.0.249",
                            "nic_list.0.ip_endpoint_list.0.type": "ASSIGNED",
                            "nic_list.0.mac_address": "50:6b:8d:f8:4a:7d",
                            "nic_list.0.model": "",
                            "nic_list.0.network_function_chain_reference.%": "0",
                            "nic_list.0.network_function_nic_type": "",
                            "nic_list.0.nic_type": "NORMAL_NIC",
                            "nic_list.0.subnet_reference.%": "2",
                            "nic_list.0.subnet_reference.kind": "subnet",
                            "nic_list.0.subnet_reference.uuid": "d21dedcb-0b7b-4c4d-a3e6-30efe9378817",
                            "nic_list.0.subnet_reference_name": "vlan.0.ipam",
                            "nic_list.0.uuid": "c7ded8a7-cd25-4e03-b0c1-b05707973059",
                            "num_sockets": "1",
                            "num_vcpus_per_socket": "2",
                            "num_vnuma_nodes": "0",
                            "nutanix_guest_tools.%": "0",
                            "owner_reference.%": "3",
                            "owner_reference.kind": "user",
                            "owner_reference.name": "nutanix",
                            "owner_reference.uuid": "b4a8c9ce-cccc-51db-bd62-2d9bcb6ef27e",
                            "parent_reference.%": "0",
                            "power_state": "ON",
                            "power_state_mechanism": "HARD",
                            "project_reference.%": "0",
                            "should_fail_on_script_failure": "false",
                            "state": "COMPLETE",
                            "vga_console_enabled": "true"
                        },
                        "meta": {},
                        "tainted": false
                    },
                    "deposed": [],
                    "provider": "provider.nutanix"
                }
            },
            "depends_on": []
        }
    ]
}
